// !$*UTF8*$!
{
	archiveVersion = 1;
	classes = {
	};
	objectVersion = 56;
	objects = {

/* Begin PBXBuildFile section */
		D49BD5DB2A8A43D800B53615 /* AnimationTabBarApp.swift in Sources */ = {isa = PBXBuildFile; fileRef = D49BD5DA2A8A43D800B53615 /* AnimationTabBarApp.swift */; };
		D49BD5DD2A8A43D800B53615 /* ContentView.swift in Sources */ = {isa = PBXBuildFile; fileRef = D49BD5DC2A8A43D800B53615 /* ContentView.swift */; };
		D49BD5DF2A8A43DB00B53615 /* Assets.xcassets in Resources */ = {isa = PBXBuildFile; fileRef = D49BD5DE2A8A43DB00B53615 /* Assets.xcassets */; };
		D49BD5E22A8A43DB00B53615 /* Preview Assets.xcassets in Resources */ = {isa = PBXBuildFile; fileRef = D49BD5E12A8A43DB00B53615 /* Preview Assets.xcassets */; };
		D49BD5EC2A8A43DB00B53615 /* AnimationTabBarTests.swift in Sources */ = {isa = PBXBuildFile; fileRef = D49BD5EB2A8A43DB00B53615 /* AnimationTabBarTests.swift */; };
		D49BD5F62A8A43DB00B53615 /* AnimationTabBarUITests.swift in Sources */ = {isa = PBXBuildFile; fileRef = D49BD5F52A8A43DB00B53615 /* AnimationTabBarUITests.swift */; };
		D49BD5F82A8A43DB00B53615 /* AnimationTabBarUITestsLaunchTests.swift in Sources */ = {isa = PBXBuildFile; fileRef = D49BD5F72A8A43DB00B53615 /* AnimationTabBarUITestsLaunchTests.swift */; };
		D49BD6052A8A443100B53615 /* Tab.swift in Sources */ = {isa = PBXBuildFile; fileRef = D49BD6042A8A443100B53615 /* Tab.swift */; };
/* End PBXBuildFile section */

/* Begin PBXContainerItemProxy section */
		D49BD5E82A8A43DB00B53615 /* PBXContainerItemProxy */ = {
			isa = PBXContainerItemProxy;
			containerPortal = D49BD5CF2A8A43D800B53615 /* Project object */;
			proxyType = 1;
			remoteGlobalIDString = D49BD5D62A8A43D800B53615;
			remoteInfo = AnimationTabBar;
		};
		D49BD5F22A8A43DB00B53615 /* PBXContainerItemProxy */ = {
			isa = PBXContainerItemProxy;
			containerPortal = D49BD5CF2A8A43D800B53615 /* Project object */;
			proxyType = 1;
			remoteGlobalIDString = D49BD5D62A8A43D800B53615;
			remoteInfo = AnimationTabBar;
		};
/* End PBXContainerItemProxy section */

/* Begin PBXFileReference section */
		D49BD5D72A8A43D800B53615 /* AnimationTabBar.app */ = {isa = PBXFileReference; explicitFileType = wrapper.application; includeInIndex = 0; path = AnimationTabBar.app; sourceTree = BUILT_PRODUCTS_DIR; };
		D49BD5DA2A8A43D800B53615 /* AnimationTabBarApp.swift */ = {isa = PBXFileReference; lastKnownFileType = sourcecode.swift; path = AnimationTabBarApp.swift; sourceTree = "<group>"; };
		D49BD5DC2A8A43D800B53615 /* ContentView.swift */ = {isa = PBXFileReference; lastKnownFileType = sourcecode.swift; path = ContentView.swift; sourceTree = "<group>"; };
		D49BD5DE2A8A43DB00B53615 /* Assets.xcassets */ = {isa = PBXFileReference; lastKnownFileType = folder.assetcatalog; path = Assets.xcassets; sourceTree = "<group>"; };
		D49BD5E12A8A43DB00B53615 /* Preview Assets.xcassets */ = {isa = PBXFileReference; lastKnownFileType = folder.assetcatalog; path = "Preview Assets.xcassets"; sourceTree = "<group>"; };
		D49BD5E72A8A43DB00B53615 /* AnimationTabBarTests.xctest */ = {isa = PBXFileReference; explicitFileType = wrapper.cfbundle; includeInIndex = 0; path = AnimationTabBarTests.xctest; sourceTree = BUILT_PRODUCTS_DIR; };
		D49BD5EB2A8A43DB00B53615 /* AnimationTabBarTests.swift */ = {isa = PBXFileReference; lastKnownFileType = sourcecode.swift; path = AnimationTabBarTests.swift; sourceTree = "<group>"; };
		D49BD5F12A8A43DB00B53615 /* AnimationTabBarUITests.xctest */ = {isa = PBXFileReference; explicitFileType = wrapper.cfbundle; includeInIndex = 0; path = AnimationTabBarUITests.xctest; sourceTree = BUILT_PRODUCTS_DIR; };
		D49BD5F52A8A43DB00B53615 /* AnimationTabBarUITests.swift */ = {isa = PBXFileReference; lastKnownFileType = sourcecode.swift; path = AnimationTabBarUITests.swift; sourceTree = "<group>"; };
		D49BD5F72A8A43DB00B53615 /* AnimationTabBarUITestsLaunchTests.swift */ = {isa = PBXFileReference; lastKnownFileType = sourcecode.swift; path = AnimationTabBarUITestsLaunchTests.swift; sourceTree = "<group>"; };
		D49BD6042A8A443100B53615 /* Tab.swift */ = {isa = PBXFileReference; lastKnownFileType = sourcecode.swift; path = Tab.swift; sourceTree = "<group>"; };
/* End PBXFileReference section */

/* Begin PBXFrameworksBuildPhase section */
		D49BD5D42A8A43D800B53615 /* Frameworks */ = {
			isa = PBXFrameworksBuildPhase;
			buildActionMask = 2147483647;
			files = (
			);
			runOnlyForDeploymentPostprocessing = 0;
		};
		D49BD5E42A8A43DB00B53615 /* Frameworks */ = {
			isa = PBXFrameworksBuildPhase;
			buildActionMask = 2147483647;
			files = (
			);
			runOnlyForDeploymentPostprocessing = 0;
		};
		D49BD5EE2A8A43DB00B53615 /* Frameworks */ = {
			isa = PBXFrameworksBuildPhase;
			buildActionMask = 2147483647;
			files = (
			);
			runOnlyForDeploymentPostprocessing = 0;
		};
/* End PBXFrameworksBuildPhase section */

/* Begin PBXGroup section */
		D49BD5CE2A8A43D800B53615 = {
			isa = PBXGroup;
			children = (
				D49BD5D92A8A43D800B53615 /* AnimationTabBar */,
				D49BD5EA2A8A43DB00B53615 /* AnimationTabBarTests */,
				D49BD5F42A8A43DB00B53615 /* AnimationTabBarUITests */,
				D49BD5D82A8A43D800B53615 /* Products */,
			);
			sourceTree = "<group>";
		};
		D49BD5D82A8A43D800B53615 /* Products */ = {
			isa = PBXGroup;
			children = (
				D49BD5D72A8A43D800B53615 /* AnimationTabBar.app */,
				D49BD5E72A8A43DB00B53615 /* AnimationTabBarTests.xctest */,
				D49BD5F12A8A43DB00B53615 /* AnimationTabBarUITests.xctest */,
			);
			name = Products;
			sourceTree = "<group>";
		};
		D49BD5D92A8A43D800B53615 /* AnimationTabBar */ = {
			isa = PBXGroup;
			children = (
				D49BD5DA2A8A43D800B53615 /* AnimationTabBarApp.swift */,
				D49BD5DC2A8A43D800B53615 /* ContentView.swift */,
				D49BD6042A8A443100B53615 /* Tab.swift */,
				D49BD5DE2A8A43DB00B53615 /* Assets.xcassets */,
				D49BD5E02A8A43DB00B53615 /* Preview Content */,
			);
			path = AnimationTabBar;
			sourceTree = "<group>";
		};
		D49BD5E02A8A43DB00B53615 /* Preview Content */ = {
			isa = PBXGroup;
			children = (
				D49BD5E12A8A43DB00B53615 /* Preview Assets.xcassets */,
			);
			path = "Preview Content";
			sourceTree = "<group>";
		};
		D49BD5EA2A8A43DB00B53615 /* AnimationTabBarTests */ = {
			isa = PBXGroup;
			children = (
				D49BD5EB2A8A43DB00B53615 /* AnimationTabBarTests.swift */,
			);
			path = AnimationTabBarTests;
			sourceTree = "<group>";
		};
		D49BD5F42A8A43DB00B53615 /* AnimationTabBarUITests */ = {
			isa = PBXGroup;
			children = (
				D49BD5F52A8A43DB00B53615 /* AnimationTabBarUITests.swift */,
				D49BD5F72A8A43DB00B53615 /* AnimationTabBarUITestsLaunchTests.swift */,
			);
			path = AnimationTabBarUITests;
			sourceTree = "<group>";
		};
/* End PBXGroup section */

/* Begin PBXNativeTarget section */
		D49BD5D62A8A43D800B53615 /* AnimationTabBar */ = {
			isa = PBXNativeTarget;
			buildConfigurationList = D49BD5FB2A8A43DB00B53615 /* Build configuration list for PBXNativeTarget "AnimationTabBar" */;
			buildPhases = (
				D49BD5D32A8A43D800B53615 /* Sources */,
				D49BD5D42A8A43D800B53615 /* Frameworks */,
				D49BD5D52A8A43D800B53615 /* Resources */,
			);
			buildRules = (
			);
			dependencies = (
			);
			name = AnimationTabBar;
			productName = AnimationTabBar;
			productReference = D49BD5D72A8A43D800B53615 /* AnimationTabBar.app */;
			productType = "com.apple.product-type.application";
		};
		D49BD5E62A8A43DB00B53615 /* AnimationTabBarTests */ = {
			isa = PBXNativeTarget;
			buildConfigurationList = D49BD5FE2A8A43DB00B53615 /* Build configuration list for PBXNativeTarget "AnimationTabBarTests" */;
			buildPhases = (
				D49BD5E32A8A43DB00B53615 /* Sources */,
				D49BD5E42A8A43DB00B53615 /* Frameworks */,
				D49BD5E52A8A43DB00B53615 /* Resources */,
			);
			buildRules = (
			);
			dependencies = (
				D49BD5E92A8A43DB00B53615 /* PBXTargetDependency */,
			);
			name = AnimationTabBarTests;
			productName = AnimationTabBarTests;
			productReference = D49BD5E72A8A43DB00B53615 /* AnimationTabBarTests.xctest */;
			productType = "com.apple.product-type.bundle.unit-test";
		};
		D49BD5F02A8A43DB00B53615 /* AnimationTabBarUITests */ = {
			isa = PBXNativeTarget;
			buildConfigurationList = D49BD6012A8A43DB00B53615 /* Build configuration list for PBXNativeTarget "AnimationTabBarUITests" */;
			buildPhases = (
				D49BD5ED2A8A43DB00B53615 /* Sources */,
				D49BD5EE2A8A43DB00B53615 /* Frameworks */,
				D49BD5EF2A8A43DB00B53615 /* Resources */,
			);
			buildRules = (
			);
			dependencies = (
				D49BD5F32A8A43DB00B53615 /* PBXTargetDependency */,
			);
			name = AnimationTabBarUITests;
			productName = AnimationTabBarUITests;
			productReference = D49BD5F12A8A43DB00B53615 /* AnimationTabBarUITests.xctest */;
			productType = "com.apple.product-type.bundle.ui-testing";
		};
/* End PBXNativeTarget section */

/* Begin PBXProject section */
		D49BD5CF2A8A43D800B53615 /* Project object */ = {
			isa = PBXProject;
			attributes = {
				BuildIndependentTargetsInParallel = 1;
				LastSwiftUpdateCheck = 1430;
				LastUpgradeCheck = 1430;
				TargetAttributes = {
					D49BD5D62A8A43D800B53615 = {
						CreatedOnToolsVersion = 14.3.1;
					};
					D49BD5E62A8A43DB00B53615 = {
						CreatedOnToolsVersion = 14.3.1;
						TestTargetID = D49BD5D62A8A43D800B53615;
					};
					D49BD5F02A8A43DB00B53615 = {
						CreatedOnToolsVersion = 14.3.1;
						TestTargetID = D49BD5D62A8A43D800B53615;
					};
				};
			};
			buildConfigurationList = D49BD5D22A8A43D800B53615 /* Build configuration list for PBXProject "AnimationTabBar" */;
			compatibilityVersion = "Xcode 14.0";
			developmentRegion = en;
			hasScannedForEncodings = 0;
			knownRegions = (
				en,
				Base,
			);
			mainGroup = D49BD5CE2A8A43D800B53615;
			productRefGroup = D49BD5D82A8A43D800B53615 /* Products */;
			projectDirPath = "";
			projectRoot = "";
			targets = (
				D49BD5D62A8A43D800B53615 /* AnimationTabBar */,
				D49BD5E62A8A43DB00B53615 /* AnimationTabBarTests */,
				D49BD5F02A8A43DB00B53615 /* AnimationTabBarUITests */,
			);
		};
/* End PBXProject section */

/* Begin PBXResourcesBuildPhase section */
		D49BD5D52A8A43D800B53615 /* Resources */ = {
			isa = PBXResourcesBuildPhase;
			buildActionMask = 2147483647;
			files = (
				D49BD5E22A8A43DB00B53615 /* Preview Assets.xcassets in Resources */,
				D49BD5DF2A8A43DB00B53615 /* Assets.xcassets in Resources */,
			);
			runOnlyForDeploymentPostprocessing = 0;
		};
		D49BD5E52A8A43DB00B53615 /* Resources */ = {
			isa = PBXResourcesBuildPhase;
			buildActionMask = 2147483647;
			files = (
			);
			runOnlyForDeploymentPostprocessing = 0;
		};
		D49BD5EF2A8A43DB00B53615 /* Resources */ = {
			isa = PBXResourcesBuildPhase;
			buildActionMask = 2147483647;
			files = (
			);
			runOnlyForDeploymentPostprocessing = 0;
		};
/* End PBXResourcesBuildPhase section */

/* Begin PBXSourcesBuildPhase section */
		D49BD5D32A8A43D800B53615 /* Sources */ = {
			isa = PBXSourcesBuildPhase;
			buildActionMask = 2147483647;
			files = (
				D49BD6052A8A443100B53615 /* Tab.swift in Sources */,
				D49BD5DD2A8A43D800B53615 /* ContentView.swift in Sources */,
				D49BD5DB2A8A43D800B53615 /* AnimationTabBarApp.swift in Sources */,
			);
			runOnlyForDeploymentPostprocessing = 0;
		};
		D49BD5E32A8A43DB00B53615 /* Sources */ = {
			isa = PBXSourcesBuildPhase;
			buildActionMask = 2147483647;
			files = (
				D49BD5EC2A8A43DB00B53615 /* AnimationTabBarTests.swift in Sources */,
			);
			runOnlyForDeploymentPostprocessing = 0;
		};
		D49BD5ED2A8A43DB00B53615 /* Sources */ = {
			isa = PBXSourcesBuildPhase;
			buildActionMask = 2147483647;
			files = (
				D49BD5F62A8A43DB00B53615 /* AnimationTabBarUITests.swift in Sources */,
				D49BD5F82A8A43DB00B53615 /* AnimationTabBarUITestsLaunchTests.swift in Sources */,
			);
			runOnlyForDeploymentPostprocessing = 0;
		};
/* End PBXSourcesBuildPhase section */

/* Begin PBXTargetDependency section */
		D49BD5E92A8A43DB00B53615 /* PBXTargetDependency */ = {
			isa = PBXTargetDependency;
			target = D49BD5D62A8A43D800B53615 /* AnimationTabBar */;
			targetProxy = D49BD5E82A8A43DB00B53615 /* PBXContainerItemProxy */;
		};
		D49BD5F32A8A43DB00B53615 /* PBXTargetDependency */ = {
			isa = PBXTargetDependency;
			target = D49BD5D62A8A43D800B53615 /* AnimationTabBar */;
			targetProxy = D49BD5F22A8A43DB00B53615 /* PBXContainerItemProxy */;
		};
/* End PBXTargetDependency section */

/* Begin XCBuildConfiguration section */
		D49BD5F92A8A43DB00B53615 /* Debug */ = {
			isa = XCBuildConfiguration;
			buildSettings = {
				ALWAYS_SEARCH_USER_PATHS = NO;
				CLANG_ANALYZER_NONNULL = YES;
				CLANG_ANALYZER_NUMBER_OBJECT_CONVERSION = YES_AGGRESSIVE;
				CLANG_CXX_LANGUAGE_STANDARD = "gnu++20";
				CLANG_ENABLE_MODULES = YES;
				CLANG_ENABLE_OBJC_ARC = YES;
				CLANG_ENABLE_OBJC_WEAK = YES;
				CLANG_WARN_BLOCK_CAPTURE_AUTORELEASING = YES;
				CLANG_WARN_BOOL_CONVERSION = YES;
				CLANG_WARN_COMMA = YES;
				CLANG_WARN_CONSTANT_CONVERSION = YES;
				CLANG_WARN_DEPRECATED_OBJC_IMPLEMENTATIONS = YES;
				CLANG_WARN_DIRECT_OBJC_ISA_USAGE = YES_ERROR;
				CLANG_WARN_DOCUMENTATION_COMMENTS = YES;
				CLANG_WARN_EMPTY_BODY = YES;
				CLANG_WARN_ENUM_CONVERSION = YES;
				CLANG_WARN_INFINITE_RECURSION = YES;
				CLANG_WARN_INT_CONVERSION = YES;
				CLANG_WARN_NON_LITERAL_NULL_CONVERSION = YES;
				CLANG_WARN_OBJC_IMPLICIT_RETAIN_SELF = YES;
				CLANG_WARN_OBJC_LITERAL_CONVERSION = YES;
				CLANG_WARN_OBJC_ROOT_CLASS = YES_ERROR;
				CLANG_WARN_QUOTED_INCLUDE_IN_FRAMEWORK_HEADER = YES;
				CLANG_WARN_RANGE_LOOP_ANALYSIS = YES;
				CLANG_WARN_STRICT_PROTOTYPES = YES;
				CLANG_WARN_SUSPICIOUS_MOVE = YES;
				CLANG_WARN_UNGUARDED_AVAILABILITY = YES_AGGRESSIVE;
				CLANG_WARN_UNREACHABLE_CODE = YES;
				CLANG_WARN__DUPLICATE_METHOD_MATCH = YES;
				COPY_PHASE_STRIP = NO;
				DEBUG_INFORMATION_FORMAT = dwarf;
				ENABLE_STRICT_OBJC_MSGSEND = YES;
				ENABLE_TESTABILITY = YES;
				GCC_C_LANGUAGE_STANDARD = gnu11;
				GCC_DYNAMIC_NO_PIC = NO;
				GCC_NO_COMMON_BLOCKS = YES;
				GCC_OPTIMIZATION_LEVEL = 0;
				GCC_PREPROCESSOR_DEFINITIONS = (
					"DEBUG=1",
					"$(inherited)",
				);
				GCC_WARN_64_TO_32_BIT_CONVERSION = YES;
				GCC_WARN_ABOUT_RETURN_TYPE = YES_ERROR;
				GCC_WARN_UNDECLARED_SELECTOR = YES;
				GCC_WARN_UNINITIALIZED_AUTOS = YES_AGGRESSIVE;
				GCC_WARN_UNUSED_FUNCTION = YES;
				GCC_WARN_UNUSED_VARIABLE = YES;
				IPHONEOS_DEPLOYMENT_TARGET = 16.4;
				MTL_ENABLE_DEBUG_INFO = INCLUDE_SOURCE;
				MTL_FAST_MATH = YES;
				ONLY_ACTIVE_ARCH = YES;
				SDKROOT = iphoneos;
				SWIFT_ACTIVE_COMPILATION_CONDITIONS = DEBUG;
				SWIFT_OPTIMIZATION_LEVEL = "-Onone";
			};
			name = Debug;
		};
		D49BD5FA2A8A43DB00B53615 /* Release */ = {
			isa = XCBuildConfiguration;
			buildSettings = {
				ALWAYS_SEARCH_USER_PATHS = NO;
				CLANG_ANALYZER_NONNULL = YES;
				CLANG_ANALYZER_NUMBER_OBJECT_CONVERSION = YES_AGGRESSIVE;
				CLANG_CXX_LANGUAGE_STANDARD = "gnu++20";
				CLANG_ENABLE_MODULES = YES;
				CLANG_ENABLE_OBJC_ARC = YES;
				CLANG_ENABLE_OBJC_WEAK = YES;
				CLANG_WARN_BLOCK_CAPTURE_AUTORELEASING = YES;
				CLANG_WARN_BOOL_CONVERSION = YES;
				CLANG_WARN_COMMA = YES;
				CLANG_WARN_CONSTANT_CONVERSION = YES;
				CLANG_WARN_DEPRECATED_OBJC_IMPLEMENTATIONS = YES;
				CLANG_WARN_DIRECT_OBJC_ISA_USAGE = YES_ERROR;
				CLANG_WARN_DOCUMENTATION_COMMENTS = YES;
				CLANG_WARN_EMPTY_BODY = YES;
				CLANG_WARN_ENUM_CONVERSION = YES;
				CLANG_WARN_INFINITE_RECURSION = YES;
				CLANG_WARN_INT_CONVERSION = YES;
				CLANG_WARN_NON_LITERAL_NULL_CONVERSION = YES;
				CLANG_WARN_OBJC_IMPLICIT_RETAIN_SELF = YES;
				CLANG_WARN_OBJC_LITERAL_CONVERSION = YES;
				CLANG_WARN_OBJC_ROOT_CLASS = YES_ERROR;
				CLANG_WARN_QUOTED_INCLUDE_IN_FRAMEWORK_HEADER = YES;
				CLANG_WARN_RANGE_LOOP_ANALYSIS = YES;
				CLANG_WARN_STRICT_PROTOTYPES = YES;
				CLANG_WARN_SUSPICIOUS_MOVE = YES;
				CLANG_WARN_UNGUARDED_AVAILABILITY = YES_AGGRESSIVE;
				CLANG_WARN_UNREACHABLE_CODE = YES;
				CLANG_WARN__DUPLICATE_METHOD_MATCH = YES;
				COPY_PHASE_STRIP = NO;
				DEBUG_INFORMATION_FORMAT = "dwarf-with-dsym";
				ENABLE_NS_ASSERTIONS = NO;
				ENABLE_STRICT_OBJC_MSGSEND = YES;
				GCC_C_LANGUAGE_STANDARD = gnu11;
				GCC_NO_COMMON_BLOCKS = YES;
				GCC_WARN_64_TO_32_BIT_CONVERSION = YES;
				GCC_WARN_ABOUT_RETURN_TYPE = YES_ERROR;
				GCC_WARN_UNDECLARED_SELECTOR = YES;
				GCC_WARN_UNINITIALIZED_AUTOS = YES_AGGRESSIVE;
				GCC_WARN_UNUSED_FUNCTION = YES;
				GCC_WARN_UNUSED_VARIABLE = YES;
				IPHONEOS_DEPLOYMENT_TARGET = 16.4;
				MTL_ENABLE_DEBUG_INFO = NO;
				MTL_FAST_MATH = YES;
				SDKROOT = iphoneos;
				SWIFT_COMPILATION_MODE = wholemodule;
				SWIFT_OPTIMIZATION_LEVEL = "-O";
				VALIDATE_PRODUCT = YES;
			};
			name = Release;
		};
		D49BD5FC2A8A43DB00B53615 /* Debug */ = {
			isa = XCBuildConfiguration;
			buildSettings = {
				ASSETCATALOG_COMPILER_APPICON_NAME = AppIcon;
				ASSETCATALOG_COMPILER_GLOBAL_ACCENT_COLOR_NAME = AccentColor;
				CODE_SIGN_STYLE = Automatic;
				CURRENT_PROJECT_VERSION = 1;
				DEVELOPMENT_ASSET_PATHS = "\"AnimationTabBar/Preview Content\"";
				ENABLE_PREVIEWS = YES;
				GENERATE_INFOPLIST_FILE = YES;
				INFOPLIST_KEY_UIApplicationSceneManifest_Generation = YES;
				INFOPLIST_KEY_UIApplicationSupportsIndirectInputEvents = YES;
				INFOPLIST_KEY_UILaunchScreen_Generation = YES;
				INFOPLIST_KEY_UISupportedInterfaceOrientations_iPad = "UIInterfaceOrientationPortrait UIInterfaceOrientationPortraitUpsideDown UIInterfaceOrientationLandscapeLeft UIInterfaceOrientationLandscapeRight";
				INFOPLIST_KEY_UISupportedInterfaceOrientations_iPhone = "UIInterfaceOrientationPortrait UIInterfaceOrientationLandscapeLeft UIInterfaceOrientationLandscapeRight";
				LD_RUNPATH_SEARCH_PATHS = (
					"$(inherited)",
					"@executable_path/Frameworks",
				);
				MARKETING_VERSION = 1.0;
				PRODUCT_BUNDLE_IDENTIFIER = eyh.com.AnimationTabBar;
				PRODUCT_NAME = "$(TARGET_NAME)";
				SWIFT_EMIT_LOC_STRINGS = YES;
				SWIFT_VERSION = 5.0;
				TARGETED_DEVICE_FAMILY = "1,2";
			};
			name = Debug;
		};
		D49BD5FD2A8A43DB00B53615 /* Release */ = {
			isa = XCBuildConfiguration;
			buildSettings = {
				ASSETCATALOG_COMPILER_APPICON_NAME = AppIcon;
				ASSETCATALOG_COMPILER_GLOBAL_ACCENT_COLOR_NAME = AccentColor;
				CODE_SIGN_STYLE = Automatic;
				CURRENT_PROJECT_VERSION = 1;
				DEVELOPMENT_ASSET_PATHS = "\"AnimationTabBar/Preview Content\"";
				ENABLE_PREVIEWS = YES;
				GENERATE_INFOPLIST_FILE = YES;
				INFOPLIST_KEY_UIApplicationSceneManifest_Generation = YES;
				INFOPLIST_KEY_UIApplicationSupportsIndirectInputEvents = YES;
				INFOPLIST_KEY_UILaunchScreen_Generation = YES;
				INFOPLIST_KEY_UISupportedInterfaceOrientations_iPad = "UIInterfaceOrientationPortrait UIInterfaceOrientationPortraitUpsideDown UIInterfaceOrientationLandscapeLeft UIInterfaceOrientationLandscapeRight";
				INFOPLIST_KEY_UISupportedInterfaceOrientations_iPhone = "UIInterfaceOrientationPortrait UIInterfaceOrientationLandscapeLeft UIInterfaceOrientationLandscapeRight";
				LD_RUNPATH_SEARCH_PATHS = (
					"$(inherited)",
					"@executable_path/Frameworks",
				);
				MARKETING_VERSION = 1.0;
				PRODUCT_BUNDLE_IDENTIFIER = eyh.com.AnimationTabBar;
				PRODUCT_NAME = "$(TARGET_NAME)";
				SWIFT_EMIT_LOC_STRINGS = YES;
				SWIFT_VERSION = 5.0;
				TARGETED_DEVICE_FAMILY = "1,2";
			};
			name = Release;
		};
		D49BD5FF2A8A43DB00B53615 /* Debug */ = {
			isa = XCBuildConfiguration;
			buildSettings = {
				ALWAYS_EMBED_SWIFT_STANDARD_LIBRARIES = YES;
				BUNDLE_LOADER = "$(TEST_HOST)";
				CODE_SIGN_STYLE = Automatic;
				CURRENT_PROJECT_VERSION = 1;
				GENERATE_INFOPLIST_FILE = YES;
				IPHONEOS_DEPLOYMENT_TARGET = 16.4;
				MARKETING_VERSION = 1.0;
				PRODUCT_BUNDLE_IDENTIFIER = eyh.com.AnimationTabBarTests;
				PRODUCT_NAME = "$(TARGET_NAME)";
				SWIFT_EMIT_LOC_STRINGS = NO;
				SWIFT_VERSION = 5.0;
				TARGETED_DEVICE_FAMILY = "1,2";
				TEST_HOST = "$(BUILT_PRODUCTS_DIR)/AnimationTabBar.app/$(BUNDLE_EXECUTABLE_FOLDER_PATH)/AnimationTabBar";
			};
			name = Debug;
		};
		D49BD6002A8A43DB00B53615 /* Release */ = {
			isa = XCBuildConfiguration;
			buildSettings = {
				ALWAYS_EMBED_SWIFT_STANDARD_LIBRARIES = YES;
				BUNDLE_LOADER = "$(TEST_HOST)";
				CODE_SIGN_STYLE = Automatic;
				CURRENT_PROJECT_VERSION = 1;
				GENERATE_INFOPLIST_FILE = YES;
				IPHONEOS_DEPLOYMENT_TARGET = 16.4;
				MARKETING_VERSION = 1.0;
				PRODUCT_BUNDLE_IDENTIFIER = eyh.com.AnimationTabBarTests;
				PRODUCT_NAME = "$(TARGET_NAME)";
				SWIFT_EMIT_LOC_STRINGS = NO;
				SWIFT_VERSION = 5.0;
				TARGETED_DEVICE_FAMILY = "1,2";
				TEST_HOST = "$(BUILT_PRODUCTS_DIR)/AnimationTabBar.app/$(BUNDLE_EXECUTABLE_FOLDER_PATH)/AnimationTabBar";
			};
			name = Release;
		};
		D49BD6022A8A43DB00B53615 /* Debug */ = {
			isa = XCBuildConfiguration;
			buildSettings = {
				ALWAYS_EMBED_SWIFT_STANDARD_LIBRARIES = YES;
				CODE_SIGN_STYLE = Automatic;
				CURRENT_PROJECT_VERSION = 1;
				GENERATE_INFOPLIST_FILE = YES;
				MARKETING_VERSION = 1.0;
				PRODUCT_BUNDLE_IDENTIFIER = eyh.com.AnimationTabBarUITests;
				PRODUCT_NAME = "$(TARGET_NAME)";
				SWIFT_EMIT_LOC_STRINGS = NO;
				SWIFT_VERSION = 5.0;
				TARGETED_DEVICE_FAMILY = "1,2";
				TEST_TARGET_NAME = AnimationTabBar;
			};
			name = Debug;
		};
		D49BD6032A8A43DB00B53615 /* Release */ = {
			isa = XCBuildConfiguration;
			buildSettings = {
				ALWAYS_EMBED_SWIFT_STANDARD_LIBRARIES = YES;
				CODE_SIGN_STYLE = Automatic;
				CURRENT_PROJECT_VERSION = 1;
				GENERATE_INFOPLIST_FILE = YES;
				MARKETING_VERSION = 1.0;
				PRODUCT_BUNDLE_IDENTIFIER = eyh.com.AnimationTabBarUITests;
				PRODUCT_NAME = "$(TARGET_NAME)";
				SWIFT_EMIT_LOC_STRINGS = NO;
				SWIFT_VERSION = 5.0;
				TARGETED_DEVICE_FAMILY = "1,2";
				TEST_TARGET_NAME = AnimationTabBar;
			};
			name = Release;
		};
/* End XCBuildConfiguration section */

/* Begin XCConfigurationList section */
		D49BD5D22A8A43D800B53615 /* Build configuration list for PBXProject "AnimationTabBar" */ = {
			isa = XCConfigurationList;
			buildConfigurations = (
				D49BD5F92A8A43DB00B53615 /* Debug */,
				D49BD5FA2A8A43DB00B53615 /* Release */,
			);
			defaultConfigurationIsVisible = 0;
			defaultConfigurationName = Release;
		};
		D49BD5FB2A8A43DB00B53615 /* Build configuration list for PBXNativeTarget "AnimationTabBar" */ = {
			isa = XCConfigurationList;
			buildConfigurations = (
				D49BD5FC2A8A43DB00B53615 /* Debug */,
				D49BD5FD2A8A43DB00B53615 /* Release */,
			);
			defaultConfigurationIsVisible = 0;
			defaultConfigurationName = Release;
		};
		D49BD5FE2A8A43DB00B53615 /* Build configuration list for PBXNativeTarget "AnimationTabBarTests" */ = {
			isa = XCConfigurationList;
			buildConfigurations = (
				D49BD5FF2A8A43DB00B53615 /* Debug */,
				D49BD6002A8A43DB00B53615 /* Release */,
			);
			defaultConfigurationIsVisible = 0;
			defaultConfigurationName = Release;
		};
		D49BD6012A8A43DB00B53615 /* Build configuration list for PBXNativeTarget "AnimationTabBarUITests" */ = {
			isa = XCConfigurationList;
			buildConfigurations = (
				D49BD6022A8A43DB00B53615 /* Debug */,
				D49BD6032A8A43DB00B53615 /* Release */,
			);
			defaultConfigurationIsVisible = 0;
			defaultConfigurationName = Release;
		};
/* End XCConfigurationList section */
	};
	rootObject = D49BD5CF2A8A43D800B53615 /* Project object */;
}
